
Microsoft Visual Studio Solution File, Format Version 12.00
# Visual Studio Version 17
VisualStudioVersion = 17.14.36202.13 d17.14
MinimumVisualStudioVersion = 10.0.40219.1
Project("{FAE04EC0-301F-11D3-BF4B-00C04F79EFBC}") = "DevBrecho", "DevBrecho\DevBrecho.csproj", "{DA31EC42-8D87-4BBB-892C-9A6AB1419CD1}"
EndProject
Global
	GlobalSection(SolutionConfigurationPlatforms) = preSolution
		Debug|Any CPU = Debug|Any CPU
		Release|Any CPU = Release|Any CPU
	EndGlobalSection
	GlobalSection(ProjectConfigurationPlatforms) = postSolution
		{DA31EC42-8D87-4BBB-892C-9A6AB1419CD1}.Debug|Any CPU.ActiveCfg = Debug|Any CPU
		{DA31EC42-8D87-4BBB-892C-9A6AB1419CD1}.Debug|Any CPU.Build.0 = Debug|Any CPU
		{DA31EC42-8D87-4BBB-892C-9A6AB1419CD1}.Release|Any CPU.ActiveCfg = Release|Any CPU
		{DA31EC42-8D87-4BBB-892C-9A6AB1419CD1}.Release|Any CPU.Build.0 = Release|Any CPU
	EndGlobalSection
	GlobalSection(SolutionProperties) = preSolution
		HideSolutionNode = FALSE
	EndGlobalSection
	GlobalSection(ExtensibilityGlobals) = postSolution
		SolutionGuid = {56C746C3-7620-4428-B1F7-A0F98474CEF5}
	EndGlobalSection
EndGlobal
